
Microsoft Visual Studio Solution File, Format Version 12.00
# Visual Studio 15
VisualStudioVersion = 15.0.27428.2037
MinimumVisualStudioVersion = 10.0.40219.1
Project("{FAE04EC0-301F-11D3-BF4B-00C04F79EFBC}") = "Server", "Server\Server.csproj", "{413FAC67-5442-44F8-BBF6-B1772240916E}"
EndProject
Global
	GlobalSection(SolutionConfigurationPlatforms) = preSolution
		Debug|Any CPU = Debug|Any CPU
		Release|Any CPU = Release|Any CPU
	EndGlobalSection
	GlobalSection(ProjectConfigurationPlatforms) = postSolution
		{413FAC67-5442-44F8-BBF6-B1772240916E}.Debug|Any CPU.ActiveCfg = Debug|Any CPU
		{413FAC67-5442-44F8-BBF6-B1772240916E}.Debug|Any CPU.Build.0 = Debug|Any CPU
		{413FAC67-5442-44F8-BBF6-B1772240916E}.Release|Any CPU.ActiveCfg = Release|Any CPU
		{413FAC67-5442-44F8-BBF6-B1772240916E}.Release|Any CPU.Build.0 = Release|Any CPU
	EndGlobalSection
	GlobalSection(SolutionProperties) = preSolution
		HideSolutionNode = FALSE
	EndGlobalSection
	GlobalSection(ExtensibilityGlobals) = postSolution
		SolutionGuid = {F70EC5C4-7887-4BE4-B290-D9EDB0DFF4BE}
	EndGlobalSection
EndGlobal
